
Microsoft Visual Studio Solution File, Format Version 12.00
# Visual Studio 15
VisualStudioVersion = 15.0.28307.960
MinimumVisualStudioVersion = 10.0.40219.1
Project("{FAE04EC0-301F-11D3-BF4B-00C04F79EFBC}") = "DLMC.Launcher", "DLMC.Launcher.csproj", "{0B273FA5-B5D6-4A53-8481-C0989858F1B0}"
EndProject
Project("{FAE04EC0-301F-11D3-BF4B-00C04F79EFBC}") = "DLMC.Shared", "DLMC.Shared\DLMC.Shared.csproj", "{F4BD06A4-0CEA-46CF-A632-42353BFD0C41}"
EndProject
Project("{FAE04EC0-301F-11D3-BF4B-00C04F79EFBC}") = "DLMC.Server", "DLMC.Server\DLMC.Server.csproj", "{7D795DF2-785C-46F5-BE31-D5A2747E0E10}"
EndProject
Project("{FAE04EC0-301F-11D3-BF4B-00C04F79EFBC}") = "DLMC.Client", "DLMC.Client\DLMC.Client.csproj", "{8B7871D2-93FF-441C-9C29-7DC4EBC27FFF}"
EndProject
Global
	GlobalSection(SolutionConfigurationPlatforms) = preSolution
		DEBUG_CLIENT|Any CPU = DEBUG_CLIENT|Any CPU
		DEBUG_SERVER|Any CPU = DEBUG_SERVER|Any CPU
		Debug|Any CPU = Debug|Any CPU
		Release|Any CPU = Release|Any CPU
	EndGlobalSection
	GlobalSection(ProjectConfigurationPlatforms) = postSolution
		{0B273FA5-B5D6-4A53-8481-C0989858F1B0}.DEBUG_CLIENT|Any CPU.ActiveCfg = DEBUG_CLIENT|Any CPU
		{0B273FA5-B5D6-4A53-8481-C0989858F1B0}.DEBUG_CLIENT|Any CPU.Build.0 = DEBUG_CLIENT|Any CPU
		{0B273FA5-B5D6-4A53-8481-C0989858F1B0}.DEBUG_SERVER|Any CPU.ActiveCfg = DEBUG_SERVER|Any CPU
		{0B273FA5-B5D6-4A53-8481-C0989858F1B0}.DEBUG_SERVER|Any CPU.Build.0 = DEBUG_SERVER|Any CPU
		{0B273FA5-B5D6-4A53-8481-C0989858F1B0}.Debug|Any CPU.ActiveCfg = Debug|Any CPU
		{0B273FA5-B5D6-4A53-8481-C0989858F1B0}.Debug|Any CPU.Build.0 = Debug|Any CPU
		{0B273FA5-B5D6-4A53-8481-C0989858F1B0}.Release|Any CPU.ActiveCfg = Release|Any CPU
		{0B273FA5-B5D6-4A53-8481-C0989858F1B0}.Release|Any CPU.Build.0 = Release|Any CPU
		{F4BD06A4-0CEA-46CF-A632-42353BFD0C41}.DEBUG_CLIENT|Any CPU.ActiveCfg = Debug|Any CPU
		{F4BD06A4-0CEA-46CF-A632-42353BFD0C41}.DEBUG_CLIENT|Any CPU.Build.0 = Debug|Any CPU
		{F4BD06A4-0CEA-46CF-A632-42353BFD0C41}.DEBUG_SERVER|Any CPU.ActiveCfg = Debug|Any CPU
		{F4BD06A4-0CEA-46CF-A632-42353BFD0C41}.DEBUG_SERVER|Any CPU.Build.0 = Debug|Any CPU
		{F4BD06A4-0CEA-46CF-A632-42353BFD0C41}.Debug|Any CPU.ActiveCfg = Debug|Any CPU
		{F4BD06A4-0CEA-46CF-A632-42353BFD0C41}.Debug|Any CPU.Build.0 = Debug|Any CPU
		{F4BD06A4-0CEA-46CF-A632-42353BFD0C41}.Release|Any CPU.ActiveCfg = Release|Any CPU
		{F4BD06A4-0CEA-46CF-A632-42353BFD0C41}.Release|Any CPU.Build.0 = Release|Any CPU
		{7D795DF2-785C-46F5-BE31-D5A2747E0E10}.DEBUG_CLIENT|Any CPU.ActiveCfg = Debug|Any CPU
		{7D795DF2-785C-46F5-BE31-D5A2747E0E10}.DEBUG_CLIENT|Any CPU.Build.0 = Debug|Any CPU
		{7D795DF2-785C-46F5-BE31-D5A2747E0E10}.DEBUG_SERVER|Any CPU.ActiveCfg = Debug|Any CPU
		{7D795DF2-785C-46F5-BE31-D5A2747E0E10}.DEBUG_SERVER|Any CPU.Build.0 = Debug|Any CPU
		{7D795DF2-785C-46F5-BE31-D5A2747E0E10}.Debug|Any CPU.ActiveCfg = Debug|Any CPU
		{7D795DF2-785C-46F5-BE31-D5A2747E0E10}.Debug|Any CPU.Build.0 = Debug|Any CPU
		{7D795DF2-785C-46F5-BE31-D5A2747E0E10}.Release|Any CPU.ActiveCfg = Release|Any CPU
		{7D795DF2-785C-46F5-BE31-D5A2747E0E10}.Release|Any CPU.Build.0 = Release|Any CPU
		{8B7871D2-93FF-441C-9C29-7DC4EBC27FFF}.DEBUG_CLIENT|Any CPU.ActiveCfg = Debug|Any CPU
		{8B7871D2-93FF-441C-9C29-7DC4EBC27FFF}.DEBUG_CLIENT|Any CPU.Build.0 = Debug|Any CPU
		{8B7871D2-93FF-441C-9C29-7DC4EBC27FFF}.DEBUG_SERVER|Any CPU.ActiveCfg = Debug|Any CPU
		{8B7871D2-93FF-441C-9C29-7DC4EBC27FFF}.DEBUG_SERVER|Any CPU.Build.0 = Debug|Any CPU
		{8B7871D2-93FF-441C-9C29-7DC4EBC27FFF}.Debug|Any CPU.ActiveCfg = Debug|Any CPU
		{8B7871D2-93FF-441C-9C29-7DC4EBC27FFF}.Debug|Any CPU.Build.0 = Debug|Any CPU
		{8B7871D2-93FF-441C-9C29-7DC4EBC27FFF}.Release|Any CPU.ActiveCfg = Release|Any CPU
		{8B7871D2-93FF-441C-9C29-7DC4EBC27FFF}.Release|Any CPU.Build.0 = Release|Any CPU
	EndGlobalSection
	GlobalSection(SolutionProperties) = preSolution
		HideSolutionNode = FALSE
	EndGlobalSection
	GlobalSection(ExtensibilityGlobals) = postSolution
		SolutionGuid = {5D36BEAF-0E9E-4521-9737-6002F4A34CC2}
	EndGlobalSection
EndGlobal
